
Microsoft Visual Studio Solution File, Format Version 12.00
# Visual Studio Version 17
VisualStudioVersion = 17.4.33103.184
MinimumVisualStudioVersion = 10.0.40219.1
Project("{9A19103F-16F7-4668-BE54-9A1E7A4F7556}") = "TimeTrackingApp", "TimeTrackingApp\TimeTrackingApp.csproj", "{D5924D0F-D638-494B-897A-996889F46056}"
EndProject
Project("{9A19103F-16F7-4668-BE54-9A1E7A4F7556}") = "TimeTrackingApp.Core", "TimeTrackingApp.Domain\TimeTrackingApp.Core.csproj", "{5FA4F809-390E-4E3E-9A5E-A508D6AE5A6F}"
EndProject
Project("{9A19103F-16F7-4668-BE54-9A1E7A4F7556}") = "TimeTrackingApp.Application", "TimeTrackingApp.Application\TimeTrackingApp.Application.csproj", "{2A0E41D1-7311-41C9-B06D-101D302FC6E8}"
EndProject
Project("{9A19103F-16F7-4668-BE54-9A1E7A4F7556}") = "TimeTrackingApp.Persistence", "TimeTrackingApp.Persistence\TimeTrackingApp.Persistence.csproj", "{27B8F474-454D-4640-AC83-D21292D709CE}"
EndProject
Project("{FAE04EC0-301F-11D3-BF4B-00C04F79EFBC}") = "TimeTrackingApp.Infrastructure", "TimeTrackingApp.Infrastructure\TimeTrackingApp.Infrastructure.csproj", "{50D10041-66FC-4A86-A82B-2D8D1A61FF53}"
EndProject
Global
	GlobalSection(SolutionConfigurationPlatforms) = preSolution
		Debug|Any CPU = Debug|Any CPU
		Release|Any CPU = Release|Any CPU
	EndGlobalSection
	GlobalSection(ProjectConfigurationPlatforms) = postSolution
		{D5924D0F-D638-494B-897A-996889F46056}.Debug|Any CPU.ActiveCfg = Debug|Any CPU
		{D5924D0F-D638-494B-897A-996889F46056}.Debug|Any CPU.Build.0 = Debug|Any CPU
		{D5924D0F-D638-494B-897A-996889F46056}.Release|Any CPU.ActiveCfg = Release|Any CPU
		{D5924D0F-D638-494B-897A-996889F46056}.Release|Any CPU.Build.0 = Release|Any CPU
		{5FA4F809-390E-4E3E-9A5E-A508D6AE5A6F}.Debug|Any CPU.ActiveCfg = Debug|Any CPU
		{5FA4F809-390E-4E3E-9A5E-A508D6AE5A6F}.Debug|Any CPU.Build.0 = Debug|Any CPU
		{5FA4F809-390E-4E3E-9A5E-A508D6AE5A6F}.Release|Any CPU.ActiveCfg = Release|Any CPU
		{5FA4F809-390E-4E3E-9A5E-A508D6AE5A6F}.Release|Any CPU.Build.0 = Release|Any CPU
		{BD191D3B-B763-45F4-B6B8-F4C81A21AE2E}.Debug|Any CPU.ActiveCfg = Debug|Any CPU
		{BD191D3B-B763-45F4-B6B8-F4C81A21AE2E}.Debug|Any CPU.Build.0 = Debug|Any CPU
		{BD191D3B-B763-45F4-B6B8-F4C81A21AE2E}.Release|Any CPU.ActiveCfg = Release|Any CPU
		{BD191D3B-B763-45F4-B6B8-F4C81A21AE2E}.Release|Any CPU.Build.0 = Release|Any CPU
		{2A0E41D1-7311-41C9-B06D-101D302FC6E8}.Debug|Any CPU.ActiveCfg = Debug|Any CPU
		{2A0E41D1-7311-41C9-B06D-101D302FC6E8}.Debug|Any CPU.Build.0 = Debug|Any CPU
		{2A0E41D1-7311-41C9-B06D-101D302FC6E8}.Release|Any CPU.ActiveCfg = Release|Any CPU
		{2A0E41D1-7311-41C9-B06D-101D302FC6E8}.Release|Any CPU.Build.0 = Release|Any CPU
		{27B8F474-454D-4640-AC83-D21292D709CE}.Debug|Any CPU.ActiveCfg = Debug|Any CPU
		{27B8F474-454D-4640-AC83-D21292D709CE}.Debug|Any CPU.Build.0 = Debug|Any CPU
		{27B8F474-454D-4640-AC83-D21292D709CE}.Release|Any CPU.ActiveCfg = Release|Any CPU
		{27B8F474-454D-4640-AC83-D21292D709CE}.Release|Any CPU.Build.0 = Release|Any CPU
		{50D10041-66FC-4A86-A82B-2D8D1A61FF53}.Debug|Any CPU.ActiveCfg = Debug|Any CPU
		{50D10041-66FC-4A86-A82B-2D8D1A61FF53}.Debug|Any CPU.Build.0 = Debug|Any CPU
		{50D10041-66FC-4A86-A82B-2D8D1A61FF53}.Release|Any CPU.ActiveCfg = Release|Any CPU
		{50D10041-66FC-4A86-A82B-2D8D1A61FF53}.Release|Any CPU.Build.0 = Release|Any CPU
	EndGlobalSection
	GlobalSection(SolutionProperties) = preSolution
		HideSolutionNode = FALSE
	EndGlobalSection
	GlobalSection(ExtensibilityGlobals) = postSolution
		SolutionGuid = {0B94D090-4EAC-4D0B-9A3F-CE937D468617}
	EndGlobalSection
EndGlobal
